
Microsoft Visual Studio Solution File, Format Version 12.00
# Visual Studio Version 17
VisualStudioVersion = 17.14.36203.30
MinimumVisualStudioVersion = 10.0.40219.1
Project("{8BC9CEB8-8B4A-11D0-8D11-00A0C91BC942}") = "Stack", "Stack\Stack.vcxproj", "{084DBDBB-C0E6-485E-A6F5-7706C59755B3}"
EndProject
Project("{8BC9CEB8-8B4A-11D0-8D11-00A0C91BC942}") = "algorithm", "algorithm\algorithm.vcxproj", "{617FE9F6-1CD8-4178-898F-249621E90358}"
EndProject
Project("{8BC9CEB8-8B4A-11D0-8D11-00A0C91BC942}") = "Queue", "Queue\Queue.vcxproj", "{B17457DB-4247-4349-9953-88329A4CA042}"
EndProject
Project("{8BC9CEB8-8B4A-11D0-8D11-00A0C91BC942}") = "Basic", "Basic\Basic.vcxproj", "{4B7A1F50-5549-46B7-A8A3-6D8C20EA7DA1}"
EndProject
Project("{8BC9CEB8-8B4A-11D0-8D11-00A0C91BC942}") = "easyx", "easyx\easyx.vcxproj", "{3E9DD85C-368D-4C8F-97B6-42A5859E6BA8}"
EndProject
Project("{8BC9CEB8-8B4A-11D0-8D11-00A0C91BC942}") = "thread", "thread\thread.vcxproj", "{1943DD80-95E1-4D73-AC4F-B1F97AEFA60B}"
EndProject
Project("{8BC9CEB8-8B4A-11D0-8D11-00A0C91BC942}") = "linux_study", "linux_study\linux_study.vcxproj", "{AC29E946-4D74-4BBA-AAC6-736A8ABFD22E}"
EndProject
Project("{8BC9CEB8-8B4A-11D0-8D11-00A0C91BC942}") = "Tree", "Tree\Tree.vcxproj", "{0D4B170E-4486-4955-84B7-40E105C8A389}"
EndProject
Project("{8BC9CEB8-8B4A-11D0-8D11-00A0C91BC942}") = "Graph", "Graph\Graph.vcxproj", "{78F957B6-60C7-4196-8112-0A5964EBB813}"
EndProject
Project("{8BC9CEB8-8B4A-11D0-8D11-00A0C91BC942}") = "Heap", "Heap\Heap.vcxproj", "{7BD41954-5D24-4DCB-A73D-29277524EE34}"
EndProject
Project("{8BC9CEB8-8B4A-11D0-8D11-00A0C91BC942}") = "Union_Find", "Union_Find\Union_Find.vcxproj", "{AF3755BB-BB3D-416C-B70A-9863C3A93C62}"
EndProject
Project("{8BC9CEB8-8B4A-11D0-8D11-00A0C91BC942}") = "Hash_Table", "Hash_Table\Hash_Table.vcxproj", "{46BE7841-188B-48D6-ABAE-B3D3156341F0}"
EndProject
Project("{8BC9CEB8-8B4A-11D0-8D11-00A0C91BC942}") = "syntax", "syntax\syntax.vcxproj", "{563F9178-E5A2-4912-8EC3-104952C72A5E}"
EndProject
Global
	GlobalSection(SolutionConfigurationPlatforms) = preSolution
		Debug|x64 = Debug|x64
		Debug|x86 = Debug|x86
		Release|x64 = Release|x64
		Release|x86 = Release|x86
	EndGlobalSection
	GlobalSection(ProjectConfigurationPlatforms) = postSolution
		{084DBDBB-C0E6-485E-A6F5-7706C59755B3}.Debug|x64.ActiveCfg = Debug|x64
		{084DBDBB-C0E6-485E-A6F5-7706C59755B3}.Debug|x64.Build.0 = Debug|x64
		{084DBDBB-C0E6-485E-A6F5-7706C59755B3}.Debug|x86.ActiveCfg = Debug|Win32
		{084DBDBB-C0E6-485E-A6F5-7706C59755B3}.Debug|x86.Build.0 = Debug|Win32
		{084DBDBB-C0E6-485E-A6F5-7706C59755B3}.Release|x64.ActiveCfg = Release|x64
		{084DBDBB-C0E6-485E-A6F5-7706C59755B3}.Release|x64.Build.0 = Release|x64
		{084DBDBB-C0E6-485E-A6F5-7706C59755B3}.Release|x86.ActiveCfg = Release|Win32
		{084DBDBB-C0E6-485E-A6F5-7706C59755B3}.Release|x86.Build.0 = Release|Win32
		{617FE9F6-1CD8-4178-898F-249621E90358}.Debug|x64.ActiveCfg = Debug|x64
		{617FE9F6-1CD8-4178-898F-249621E90358}.Debug|x64.Build.0 = Debug|x64
		{617FE9F6-1CD8-4178-898F-249621E90358}.Debug|x86.ActiveCfg = Debug|Win32
		{617FE9F6-1CD8-4178-898F-249621E90358}.Debug|x86.Build.0 = Debug|Win32
		{617FE9F6-1CD8-4178-898F-249621E90358}.Release|x64.ActiveCfg = Release|x64
		{617FE9F6-1CD8-4178-898F-249621E90358}.Release|x64.Build.0 = Release|x64
		{617FE9F6-1CD8-4178-898F-249621E90358}.Release|x86.ActiveCfg = Release|Win32
		{617FE9F6-1CD8-4178-898F-249621E90358}.Release|x86.Build.0 = Release|Win32
		{B17457DB-4247-4349-9953-88329A4CA042}.Debug|x64.ActiveCfg = Debug|x64
		{B17457DB-4247-4349-9953-88329A4CA042}.Debug|x64.Build.0 = Debug|x64
		{B17457DB-4247-4349-9953-88329A4CA042}.Debug|x86.ActiveCfg = Debug|Win32
		{B17457DB-4247-4349-9953-88329A4CA042}.Debug|x86.Build.0 = Debug|Win32
		{B17457DB-4247-4349-9953-88329A4CA042}.Release|x64.ActiveCfg = Release|x64
		{B17457DB-4247-4349-9953-88329A4CA042}.Release|x64.Build.0 = Release|x64
		{B17457DB-4247-4349-9953-88329A4CA042}.Release|x86.ActiveCfg = Release|Win32
		{B17457DB-4247-4349-9953-88329A4CA042}.Release|x86.Build.0 = Release|Win32
		{4B7A1F50-5549-46B7-A8A3-6D8C20EA7DA1}.Debug|x64.ActiveCfg = Debug|x64
		{4B7A1F50-5549-46B7-A8A3-6D8C20EA7DA1}.Debug|x64.Build.0 = Debug|x64
		{4B7A1F50-5549-46B7-A8A3-6D8C20EA7DA1}.Debug|x86.ActiveCfg = Debug|Win32
		{4B7A1F50-5549-46B7-A8A3-6D8C20EA7DA1}.Debug|x86.Build.0 = Debug|Win32
		{4B7A1F50-5549-46B7-A8A3-6D8C20EA7DA1}.Release|x64.ActiveCfg = Release|x64
		{4B7A1F50-5549-46B7-A8A3-6D8C20EA7DA1}.Release|x64.Build.0 = Release|x64
		{4B7A1F50-5549-46B7-A8A3-6D8C20EA7DA1}.Release|x86.ActiveCfg = Release|Win32
		{4B7A1F50-5549-46B7-A8A3-6D8C20EA7DA1}.Release|x86.Build.0 = Release|Win32
		{3E9DD85C-368D-4C8F-97B6-42A5859E6BA8}.Debug|x64.ActiveCfg = Debug|x64
		{3E9DD85C-368D-4C8F-97B6-42A5859E6BA8}.Debug|x64.Build.0 = Debug|x64
		{3E9DD85C-368D-4C8F-97B6-42A5859E6BA8}.Debug|x86.ActiveCfg = Debug|Win32
		{3E9DD85C-368D-4C8F-97B6-42A5859E6BA8}.Debug|x86.Build.0 = Debug|Win32
		{3E9DD85C-368D-4C8F-97B6-42A5859E6BA8}.Release|x64.ActiveCfg = Release|x64
		{3E9DD85C-368D-4C8F-97B6-42A5859E6BA8}.Release|x64.Build.0 = Release|x64
		{3E9DD85C-368D-4C8F-97B6-42A5859E6BA8}.Release|x86.ActiveCfg = Release|Win32
		{3E9DD85C-368D-4C8F-97B6-42A5859E6BA8}.Release|x86.Build.0 = Release|Win32
		{1943DD80-95E1-4D73-AC4F-B1F97AEFA60B}.Debug|x64.ActiveCfg = Debug|x64
		{1943DD80-95E1-4D73-AC4F-B1F97AEFA60B}.Debug|x64.Build.0 = Debug|x64
		{1943DD80-95E1-4D73-AC4F-B1F97AEFA60B}.Debug|x86.ActiveCfg = Debug|Win32
		{1943DD80-95E1-4D73-AC4F-B1F97AEFA60B}.Debug|x86.Build.0 = Debug|Win32
		{1943DD80-95E1-4D73-AC4F-B1F97AEFA60B}.Release|x64.ActiveCfg = Release|x64
		{1943DD80-95E1-4D73-AC4F-B1F97AEFA60B}.Release|x64.Build.0 = Release|x64
		{1943DD80-95E1-4D73-AC4F-B1F97AEFA60B}.Release|x86.ActiveCfg = Release|Win32
		{1943DD80-95E1-4D73-AC4F-B1F97AEFA60B}.Release|x86.Build.0 = Release|Win32
		{AC29E946-4D74-4BBA-AAC6-736A8ABFD22E}.Debug|x64.ActiveCfg = Debug|x64
		{AC29E946-4D74-4BBA-AAC6-736A8ABFD22E}.Debug|x64.Build.0 = Debug|x64
		{AC29E946-4D74-4BBA-AAC6-736A8ABFD22E}.Debug|x86.ActiveCfg = Debug|Win32
		{AC29E946-4D74-4BBA-AAC6-736A8ABFD22E}.Debug|x86.Build.0 = Debug|Win32
		{AC29E946-4D74-4BBA-AAC6-736A8ABFD22E}.Release|x64.ActiveCfg = Release|x64
		{AC29E946-4D74-4BBA-AAC6-736A8ABFD22E}.Release|x64.Build.0 = Release|x64
		{AC29E946-4D74-4BBA-AAC6-736A8ABFD22E}.Release|x86.ActiveCfg = Release|Win32
		{AC29E946-4D74-4BBA-AAC6-736A8ABFD22E}.Release|x86.Build.0 = Release|Win32
		{0D4B170E-4486-4955-84B7-40E105C8A389}.Debug|x64.ActiveCfg = Debug|x64
		{0D4B170E-4486-4955-84B7-40E105C8A389}.Debug|x64.Build.0 = Debug|x64
		{0D4B170E-4486-4955-84B7-40E105C8A389}.Debug|x86.ActiveCfg = Debug|Win32
		{0D4B170E-4486-4955-84B7-40E105C8A389}.Debug|x86.Build.0 = Debug|Win32
		{0D4B170E-4486-4955-84B7-40E105C8A389}.Release|x64.ActiveCfg = Release|x64
		{0D4B170E-4486-4955-84B7-40E105C8A389}.Release|x64.Build.0 = Release|x64
		{0D4B170E-4486-4955-84B7-40E105C8A389}.Release|x86.ActiveCfg = Release|Win32
		{0D4B170E-4486-4955-84B7-40E105C8A389}.Release|x86.Build.0 = Release|Win32
		{78F957B6-60C7-4196-8112-0A5964EBB813}.Debug|x64.ActiveCfg = Debug|x64
		{78F957B6-60C7-4196-8112-0A5964EBB813}.Debug|x64.Build.0 = Debug|x64
		{78F957B6-60C7-4196-8112-0A5964EBB813}.Debug|x86.ActiveCfg = Debug|Win32
		{78F957B6-60C7-4196-8112-0A5964EBB813}.Debug|x86.Build.0 = Debug|Win32
		{78F957B6-60C7-4196-8112-0A5964EBB813}.Release|x64.ActiveCfg = Release|x64
		{78F957B6-60C7-4196-8112-0A5964EBB813}.Release|x64.Build.0 = Release|x64
		{78F957B6-60C7-4196-8112-0A5964EBB813}.Release|x86.ActiveCfg = Release|Win32
		{78F957B6-60C7-4196-8112-0A5964EBB813}.Release|x86.Build.0 = Release|Win32
		{7BD41954-5D24-4DCB-A73D-29277524EE34}.Debug|x64.ActiveCfg = Debug|x64
		{7BD41954-5D24-4DCB-A73D-29277524EE34}.Debug|x64.Build.0 = Debug|x64
		{7BD41954-5D24-4DCB-A73D-29277524EE34}.Debug|x86.ActiveCfg = Debug|Win32
		{7BD41954-5D24-4DCB-A73D-29277524EE34}.Debug|x86.Build.0 = Debug|Win32
		{7BD41954-5D24-4DCB-A73D-29277524EE34}.Release|x64.ActiveCfg = Release|x64
		{7BD41954-5D24-4DCB-A73D-29277524EE34}.Release|x64.Build.0 = Release|x64
		{7BD41954-5D24-4DCB-A73D-29277524EE34}.Release|x86.ActiveCfg = Release|Win32
		{7BD41954-5D24-4DCB-A73D-29277524EE34}.Release|x86.Build.0 = Release|Win32
		{AF3755BB-BB3D-416C-B70A-9863C3A93C62}.Debug|x64.ActiveCfg = Debug|x64
		{AF3755BB-BB3D-416C-B70A-9863C3A93C62}.Debug|x64.Build.0 = Debug|x64
		{AF3755BB-BB3D-416C-B70A-9863C3A93C62}.Debug|x86.ActiveCfg = Debug|Win32
		{AF3755BB-BB3D-416C-B70A-9863C3A93C62}.Debug|x86.Build.0 = Debug|Win32
		{AF3755BB-BB3D-416C-B70A-9863C3A93C62}.Release|x64.ActiveCfg = Release|x64
		{AF3755BB-BB3D-416C-B70A-9863C3A93C62}.Release|x64.Build.0 = Release|x64
		{AF3755BB-BB3D-416C-B70A-9863C3A93C62}.Release|x86.ActiveCfg = Release|Win32
		{AF3755BB-BB3D-416C-B70A-9863C3A93C62}.Release|x86.Build.0 = Release|Win32
		{46BE7841-188B-48D6-ABAE-B3D3156341F0}.Debug|x64.ActiveCfg = Debug|x64
		{46BE7841-188B-48D6-ABAE-B3D3156341F0}.Debug|x64.Build.0 = Debug|x64
		{46BE7841-188B-48D6-ABAE-B3D3156341F0}.Debug|x86.ActiveCfg = Debug|Win32
		{46BE7841-188B-48D6-ABAE-B3D3156341F0}.Debug|x86.Build.0 = Debug|Win32
		{46BE7841-188B-48D6-ABAE-B3D3156341F0}.Release|x64.ActiveCfg = Release|x64
		{46BE7841-188B-48D6-ABAE-B3D3156341F0}.Release|x64.Build.0 = Release|x64
		{46BE7841-188B-48D6-ABAE-B3D3156341F0}.Release|x86.ActiveCfg = Release|Win32
		{46BE7841-188B-48D6-ABAE-B3D3156341F0}.Release|x86.Build.0 = Release|Win32
		{563F9178-E5A2-4912-8EC3-104952C72A5E}.Debug|x64.ActiveCfg = Debug|x64
		{563F9178-E5A2-4912-8EC3-104952C72A5E}.Debug|x64.Build.0 = Debug|x64
		{563F9178-E5A2-4912-8EC3-104952C72A5E}.Debug|x86.ActiveCfg = Debug|Win32
		{563F9178-E5A2-4912-8EC3-104952C72A5E}.Debug|x86.Build.0 = Debug|Win32
		{563F9178-E5A2-4912-8EC3-104952C72A5E}.Release|x64.ActiveCfg = Release|x64
		{563F9178-E5A2-4912-8EC3-104952C72A5E}.Release|x64.Build.0 = Release|x64
		{563F9178-E5A2-4912-8EC3-104952C72A5E}.Release|x86.ActiveCfg = Release|Win32
		{563F9178-E5A2-4912-8EC3-104952C72A5E}.Release|x86.Build.0 = Release|Win32
	EndGlobalSection
	GlobalSection(SolutionProperties) = preSolution
		HideSolutionNode = FALSE
	EndGlobalSection
	GlobalSection(ExtensibilityGlobals) = postSolution
		SolutionGuid = {F02B8221-318E-4B1B-BD86-FD0CB6B90EB6}
	EndGlobalSection
EndGlobal
